// !$*UTF8*$!
{
	archiveVersion = 1;
	classes = {
	};
	objectVersion = 50;
	objects = {

/* Begin PBXBuildFile section */
		F158AE4D2156F494005C3CE8 /* ScrollView.swift in Sources */ = {isa = PBXBuildFile; fileRef = F158AE4C2156F494005C3CE8 /* ScrollView.swift */; };
		F158AE502156FBF8005C3CE8 /* LibraryAnnotaion.swift in Sources */ = {isa = PBXBuildFile; fileRef = F158AE4F2156FBF8005C3CE8 /* LibraryAnnotaion.swift */; };
		F158AE5221570367005C3CE8 /* Library.swift in Sources */ = {isa = PBXBuildFile; fileRef = F158AE5121570367005C3CE8 /* Library.swift */; };
		F158AE5421570604005C3CE8 /* LLService+Library.swift in Sources */ = {isa = PBXBuildFile; fileRef = F158AE5321570604005C3CE8 /* LLService+Library.swift */; };
		F158AE5621571BD4005C3CE8 /* BookTableView.swift in Sources */ = {isa = PBXBuildFile; fileRef = F158AE5521571BD4005C3CE8 /* BookTableView.swift */; };
		F158AE5A2157585A005C3CE8 /* BookSearchResultController.swift in Sources */ = {isa = PBXBuildFile; fileRef = F158AE592157585A005C3CE8 /* BookSearchResultController.swift */; };
		F1A00CC52156895C00F11089 /* Color.swift in Sources */ = {isa = PBXBuildFile; fileRef = F1A00CC42156895C00F11089 /* Color.swift */; };
		F1A00CC7215689C200F11089 /* SearchNavigationBar.swift in Sources */ = {isa = PBXBuildFile; fileRef = F1A00CC6215689C200F11089 /* SearchNavigationBar.swift */; };
		F1A00CC92156968800F11089 /* MapKit.framework in Frameworks */ = {isa = PBXBuildFile; fileRef = F1A00CC82156968800F11089 /* MapKit.framework */; };
		F1A00CD32156B48600F11089 /* BookListViewController.swift in Sources */ = {isa = PBXBuildFile; fileRef = F1A00CD12156B48600F11089 /* BookListViewController.swift */; };
		F1A00CD42156B48600F11089 /* BookListViewController.xib in Resources */ = {isa = PBXBuildFile; fileRef = F1A00CD22156B48600F11089 /* BookListViewController.xib */; };
		F1A00CDA2156B5A200F11089 /* BooksCollectionView.swift in Sources */ = {isa = PBXBuildFile; fileRef = F1A00CD92156B5A200F11089 /* BooksCollectionView.swift */; };
		F1A00CDC2156BB4C00F11089 /* UIView.swift in Sources */ = {isa = PBXBuildFile; fileRef = F1A00CDB2156BB4C00F11089 /* UIView.swift */; };
		F1A00CDF2156C6C900F11089 /* Aileron-Black.ttf in Resources */ = {isa = PBXBuildFile; fileRef = F1DC4441215680A400F12519 /* Aileron-Black.ttf */; };
		F1A00CE02156C6C900F11089 /* Aileron-BlackItalic.ttf in Resources */ = {isa = PBXBuildFile; fileRef = F1DC443F215680A300F12519 /* Aileron-BlackItalic.ttf */; };
		F1A00CE12156C6C900F11089 /* Aileron-Bold.ttf in Resources */ = {isa = PBXBuildFile; fileRef = F1DC443A215680A300F12519 /* Aileron-Bold.ttf */; };
		F1A00CE22156C6C900F11089 /* Aileron-BoldItalic.ttf in Resources */ = {isa = PBXBuildFile; fileRef = F1DC4447215680A400F12519 /* Aileron-BoldItalic.ttf */; };
		F1A00CE32156C6C900F11089 /* Aileron-Heavy.ttf in Resources */ = {isa = PBXBuildFile; fileRef = F1DC4442215680A400F12519 /* Aileron-Heavy.ttf */; };
		F1A00CE42156C6C900F11089 /* Aileron-HeavyItalic.ttf in Resources */ = {isa = PBXBuildFile; fileRef = F1DC4439215680A300F12519 /* Aileron-HeavyItalic.ttf */; };
		F1A00CE52156C6C900F11089 /* Aileron-Italic.ttf in Resources */ = {isa = PBXBuildFile; fileRef = F1DC443E215680A300F12519 /* Aileron-Italic.ttf */; };
		F1A00CE62156C6C900F11089 /* Aileron-Light.ttf in Resources */ = {isa = PBXBuildFile; fileRef = F1DC4440215680A400F12519 /* Aileron-Light.ttf */; };
		F1A00CE72156C6C900F11089 /* Aileron-LightItalic.ttf in Resources */ = {isa = PBXBuildFile; fileRef = F1DC443D215680A300F12519 /* Aileron-LightItalic.ttf */; };
		F1A00CE82156C6C900F11089 /* Aileron-Regular.ttf in Resources */ = {isa = PBXBuildFile; fileRef = F1DC4443215680A400F12519 /* Aileron-Regular.ttf */; };
		F1A00CE92156C6C900F11089 /* Aileron-SemiBold.ttf in Resources */ = {isa = PBXBuildFile; fileRef = F1DC443C215680A300F12519 /* Aileron-SemiBold.ttf */; };
		F1A00CEA2156C6C900F11089 /* Aileron-SemiBoldItalic.ttf in Resources */ = {isa = PBXBuildFile; fileRef = F1DC4438215680A300F12519 /* Aileron-SemiBoldItalic.ttf */; };
		F1A00CEB2156C6C900F11089 /* Aileron-Thin.ttf in Resources */ = {isa = PBXBuildFile; fileRef = F1DC443B215680A300F12519 /* Aileron-Thin.ttf */; };
		F1A00CEC2156C6C900F11089 /* Aileron-ThinItalic.ttf in Resources */ = {isa = PBXBuildFile; fileRef = F1DC4444215680A400F12519 /* Aileron-ThinItalic.ttf */; };
		F1A00CED2156C6C900F11089 /* Aileron-UltraLight.ttf in Resources */ = {isa = PBXBuildFile; fileRef = F1DC4445215680A400F12519 /* Aileron-UltraLight.ttf */; };
		F1A00CEE2156C6C900F11089 /* Aileron-UltraLightItalic.ttf in Resources */ = {isa = PBXBuildFile; fileRef = F1DC4446215680A400F12519 /* Aileron-UltraLightItalic.ttf */; };
		F1D716D721576B47007B8119 /* BottomBar.swift in Sources */ = {isa = PBXBuildFile; fileRef = F1D716D621576B47007B8119 /* BottomBar.swift */; };
		F1DC440A215604D100F12519 /* AppDelegate.swift in Sources */ = {isa = PBXBuildFile; fileRef = F1DC4409215604D100F12519 /* AppDelegate.swift */; };
		F1DC440C215604D100F12519 /* ViewController.swift in Sources */ = {isa = PBXBuildFile; fileRef = F1DC440B215604D100F12519 /* ViewController.swift */; };
		F1DC4411215604D300F12519 /* Assets.xcassets in Resources */ = {isa = PBXBuildFile; fileRef = F1DC4410215604D300F12519 /* Assets.xcassets */; };
		F1DC4414215604D300F12519 /* LaunchScreen.storyboard in Resources */ = {isa = PBXBuildFile; fileRef = F1DC4412215604D300F12519 /* LaunchScreen.storyboard */; };
		F1DC441D2156070300F12519 /* User.swift in Sources */ = {isa = PBXBuildFile; fileRef = F1DC441C2156070300F12519 /* User.swift */; };
		F1DC44232156087E00F12519 /* MainViewController.swift in Sources */ = {isa = PBXBuildFile; fileRef = F1DC44212156087E00F12519 /* MainViewController.swift */; };
		F1DC44242156087E00F12519 /* MainViewController.xib in Resources */ = {isa = PBXBuildFile; fileRef = F1DC44222156087E00F12519 /* MainViewController.xib */; };
		F1DC442B2156182800F12519 /* Alamofire.framework in Frameworks */ = {isa = PBXBuildFile; fileRef = F1DC4426215617E800F12519 /* Alamofire.framework */; };
		F1DC442D2156184E00F12519 /* LLService.swift in Sources */ = {isa = PBXBuildFile; fileRef = F1DC442C2156184E00F12519 /* LLService.swift */; };
		F1DC442F2156763400F12519 /* Alamofire.framework in Embed Frameworks */ = {isa = PBXBuildFile; fileRef = F1DC4426215617E800F12519 /* Alamofire.framework */; settings = {ATTRIBUTES = (CodeSignOnCopy, RemoveHeadersOnCopy, ); }; };
		F1DC4432215677D900F12519 /* Book.swift in Sources */ = {isa = PBXBuildFile; fileRef = F1DC4431215677D900F12519 /* Book.swift */; };
		F1DC443421567D2700F12519 /* LLService+Test.swift in Sources */ = {isa = PBXBuildFile; fileRef = F1DC443321567D2700F12519 /* LLService+Test.swift */; };
		F1DC444A2156845800F12519 /* Font.swift in Sources */ = {isa = PBXBuildFile; fileRef = F1DC44492156845800F12519 /* Font.swift */; };
/* End PBXBuildFile section */

/* Begin PBXCopyFilesBuildPhase section */
		F1DC44302156763500F12519 /* Embed Frameworks */ = {
			isa = PBXCopyFilesBuildPhase;
			buildActionMask = 2147483647;
			dstPath = "";
			dstSubfolderSpec = 10;
			files = (
				F1DC442F2156763400F12519 /* Alamofire.framework in Embed Frameworks */,
			);
			name = "Embed Frameworks";
			runOnlyForDeploymentPostprocessing = 0;
		};
/* End PBXCopyFilesBuildPhase section */

/* Begin PBXFileReference section */
		F158AE4C2156F494005C3CE8 /* ScrollView.swift */ = {isa = PBXFileReference; lastKnownFileType = sourcecode.swift; path = ScrollView.swift; sourceTree = "<group>"; };
		F158AE4F2156FBF8005C3CE8 /* LibraryAnnotaion.swift */ = {isa = PBXFileReference; lastKnownFileType = sourcecode.swift; path = LibraryAnnotaion.swift; sourceTree = "<group>"; };
		F158AE5121570367005C3CE8 /* Library.swift */ = {isa = PBXFileReference; lastKnownFileType = sourcecode.swift; path = Library.swift; sourceTree = "<group>"; };
		F158AE5321570604005C3CE8 /* LLService+Library.swift */ = {isa = PBXFileReference; lastKnownFileType = sourcecode.swift; path = "LLService+Library.swift"; sourceTree = "<group>"; };
		F158AE5521571BD4005C3CE8 /* BookTableView.swift */ = {isa = PBXFileReference; lastKnownFileType = sourcecode.swift; path = BookTableView.swift; sourceTree = "<group>"; };
		F158AE592157585A005C3CE8 /* BookSearchResultController.swift */ = {isa = PBXFileReference; lastKnownFileType = sourcecode.swift; path = BookSearchResultController.swift; sourceTree = "<group>"; };
		F1A00CC42156895C00F11089 /* Color.swift */ = {isa = PBXFileReference; lastKnownFileType = sourcecode.swift; path = Color.swift; sourceTree = "<group>"; };
		F1A00CC6215689C200F11089 /* SearchNavigationBar.swift */ = {isa = PBXFileReference; lastKnownFileType = sourcecode.swift; path = SearchNavigationBar.swift; sourceTree = "<group>"; };
		F1A00CC82156968800F11089 /* MapKit.framework */ = {isa = PBXFileReference; lastKnownFileType = wrapper.framework; name = MapKit.framework; path = System/Library/Frameworks/MapKit.framework; sourceTree = SDKROOT; };
		F1A00CD12156B48600F11089 /* BookListViewController.swift */ = {isa = PBXFileReference; lastKnownFileType = sourcecode.swift; path = BookListViewController.swift; sourceTree = "<group>"; };
		F1A00CD22156B48600F11089 /* BookListViewController.xib */ = {isa = PBXFileReference; lastKnownFileType = file.xib; path = BookListViewController.xib; sourceTree = "<group>"; };
		F1A00CD92156B5A200F11089 /* BooksCollectionView.swift */ = {isa = PBXFileReference; lastKnownFileType = sourcecode.swift; path = BooksCollectionView.swift; sourceTree = "<group>"; };
		F1A00CDB2156BB4C00F11089 /* UIView.swift */ = {isa = PBXFileReference; lastKnownFileType = sourcecode.swift; path = UIView.swift; sourceTree = "<group>"; };
		F1D716D621576B47007B8119 /* BottomBar.swift */ = {isa = PBXFileReference; lastKnownFileType = sourcecode.swift; path = BottomBar.swift; sourceTree = "<group>"; };
		F1DC4406215604D100F12519 /* LittleLibrary.app */ = {isa = PBXFileReference; explicitFileType = wrapper.application; includeInIndex = 0; path = LittleLibrary.app; sourceTree = BUILT_PRODUCTS_DIR; };
		F1DC4409215604D100F12519 /* AppDelegate.swift */ = {isa = PBXFileReference; lastKnownFileType = sourcecode.swift; path = AppDelegate.swift; sourceTree = "<group>"; };
		F1DC440B215604D100F12519 /* ViewController.swift */ = {isa = PBXFileReference; lastKnownFileType = sourcecode.swift; path = ViewController.swift; sourceTree = "<group>"; };
		F1DC4410215604D300F12519 /* Assets.xcassets */ = {isa = PBXFileReference; lastKnownFileType = folder.assetcatalog; path = Assets.xcassets; sourceTree = "<group>"; };
		F1DC4413215604D300F12519 /* Base */ = {isa = PBXFileReference; lastKnownFileType = file.storyboard; name = Base; path = Base.lproj/LaunchScreen.storyboard; sourceTree = "<group>"; };
		F1DC4415215604D300F12519 /* Info.plist */ = {isa = PBXFileReference; lastKnownFileType = text.plist.xml; path = Info.plist; sourceTree = "<group>"; };
		F1DC441C2156070300F12519 /* User.swift */ = {isa = PBXFileReference; lastKnownFileType = sourcecode.swift; path = User.swift; sourceTree = "<group>"; };
		F1DC44212156087E00F12519 /* MainViewController.swift */ = {isa = PBXFileReference; lastKnownFileType = sourcecode.swift; path = MainViewController.swift; sourceTree = "<group>"; };
		F1DC44222156087E00F12519 /* MainViewController.xib */ = {isa = PBXFileReference; lastKnownFileType = file.xib; path = MainViewController.xib; sourceTree = "<group>"; };
		F1DC4426215617E800F12519 /* Alamofire.framework */ = {isa = PBXFileReference; lastKnownFileType = wrapper.framework; path = Alamofire.framework; sourceTree = "<group>"; };
		F1DC442C2156184E00F12519 /* LLService.swift */ = {isa = PBXFileReference; lastKnownFileType = sourcecode.swift; path = LLService.swift; sourceTree = "<group>"; };
		F1DC4431215677D900F12519 /* Book.swift */ = {isa = PBXFileReference; lastKnownFileType = sourcecode.swift; path = Book.swift; sourceTree = "<group>"; };
		F1DC443321567D2700F12519 /* LLService+Test.swift */ = {isa = PBXFileReference; lastKnownFileType = sourcecode.swift; path = "LLService+Test.swift"; sourceTree = "<group>"; };
		F1DC4438215680A300F12519 /* Aileron-SemiBoldItalic.ttf */ = {isa = PBXFileReference; lastKnownFileType = file; path = "Aileron-SemiBoldItalic.ttf"; sourceTree = "<group>"; };
		F1DC4439215680A300F12519 /* Aileron-HeavyItalic.ttf */ = {isa = PBXFileReference; lastKnownFileType = file; path = "Aileron-HeavyItalic.ttf"; sourceTree = "<group>"; };
		F1DC443A215680A300F12519 /* Aileron-Bold.ttf */ = {isa = PBXFileReference; lastKnownFileType = file; path = "Aileron-Bold.ttf"; sourceTree = "<group>"; };
		F1DC443B215680A300F12519 /* Aileron-Thin.ttf */ = {isa = PBXFileReference; lastKnownFileType = file; path = "Aileron-Thin.ttf"; sourceTree = "<group>"; };
		F1DC443C215680A300F12519 /* Aileron-SemiBold.ttf */ = {isa = PBXFileReference; lastKnownFileType = file; path = "Aileron-SemiBold.ttf"; sourceTree = "<group>"; };
		F1DC443D215680A300F12519 /* Aileron-LightItalic.ttf */ = {isa = PBXFileReference; lastKnownFileType = file; path = "Aileron-LightItalic.ttf"; sourceTree = "<group>"; };
		F1DC443E215680A300F12519 /* Aileron-Italic.ttf */ = {isa = PBXFileReference; lastKnownFileType = file; path = "Aileron-Italic.ttf"; sourceTree = "<group>"; };
		F1DC443F215680A300F12519 /* Aileron-BlackItalic.ttf */ = {isa = PBXFileReference; lastKnownFileType = file; path = "Aileron-BlackItalic.ttf"; sourceTree = "<group>"; };
		F1DC4440215680A400F12519 /* Aileron-Light.ttf */ = {isa = PBXFileReference; lastKnownFileType = file; path = "Aileron-Light.ttf"; sourceTree = "<group>"; };
		F1DC4441215680A400F12519 /* Aileron-Black.ttf */ = {isa = PBXFileReference; lastKnownFileType = file; path = "Aileron-Black.ttf"; sourceTree = "<group>"; };
		F1DC4442215680A400F12519 /* Aileron-Heavy.ttf */ = {isa = PBXFileReference; lastKnownFileType = file; path = "Aileron-Heavy.ttf"; sourceTree = "<group>"; };
		F1DC4443215680A400F12519 /* Aileron-Regular.ttf */ = {isa = PBXFileReference; lastKnownFileType = file; path = "Aileron-Regular.ttf"; sourceTree = "<group>"; };
		F1DC4444215680A400F12519 /* Aileron-ThinItalic.ttf */ = {isa = PBXFileReference; lastKnownFileType = file; path = "Aileron-ThinItalic.ttf"; sourceTree = "<group>"; };
		F1DC4445215680A400F12519 /* Aileron-UltraLight.ttf */ = {isa = PBXFileReference; lastKnownFileType = file; path = "Aileron-UltraLight.ttf"; sourceTree = "<group>"; };
		F1DC4446215680A400F12519 /* Aileron-UltraLightItalic.ttf */ = {isa = PBXFileReference; lastKnownFileType = file; path = "Aileron-UltraLightItalic.ttf"; sourceTree = "<group>"; };
		F1DC4447215680A400F12519 /* Aileron-BoldItalic.ttf */ = {isa = PBXFileReference; lastKnownFileType = file; path = "Aileron-BoldItalic.ttf"; sourceTree = "<group>"; };
		F1DC44492156845800F12519 /* Font.swift */ = {isa = PBXFileReference; lastKnownFileType = sourcecode.swift; path = Font.swift; sourceTree = "<group>"; };
/* End PBXFileReference section */

/* Begin PBXFrameworksBuildPhase section */
		F1DC4403215604D100F12519 /* Frameworks */ = {
			isa = PBXFrameworksBuildPhase;
			buildActionMask = 2147483647;
			files = (
				F1A00CC92156968800F11089 /* MapKit.framework in Frameworks */,
				F1DC442B2156182800F12519 /* Alamofire.framework in Frameworks */,
			);
			runOnlyForDeploymentPostprocessing = 0;
		};
/* End PBXFrameworksBuildPhase section */

/* Begin PBXGroup section */
		F158AE4E2156FBD1005C3CE8 /* MapAnnotation */ = {
			isa = PBXGroup;
			children = (
				F158AE4F2156FBF8005C3CE8 /* LibraryAnnotaion.swift */,
			);
			path = MapAnnotation;
			sourceTree = "<group>";
		};
		F158AE5721571BD8005C3CE8 /* BookTableView */ = {
			isa = PBXGroup;
			children = (
				F158AE5521571BD4005C3CE8 /* BookTableView.swift */,
			);
			path = BookTableView;
			sourceTree = "<group>";
		};
		F158AE5821575844005C3CE8 /* BookSearchController */ = {
			isa = PBXGroup;
			children = (
				F158AE592157585A005C3CE8 /* BookSearchResultController.swift */,
			);
			path = BookSearchController;
			sourceTree = "<group>";
		};
		F1A00CCB21569AA700F11089 /* BooksCollectionController */ = {
			isa = PBXGroup;
			children = (
				F158AE5721571BD8005C3CE8 /* BookTableView */,
				F1A00CD02156B46100F11089 /* BookListCollectionViewController */,
			);
			path = BooksCollectionController;
			sourceTree = "<group>";
		};
		F1A00CD02156B46100F11089 /* BookListCollectionViewController */ = {
			isa = PBXGroup;
			children = (
				F1A00CD12156B48600F11089 /* BookListViewController.swift */,
				F1A00CD22156B48600F11089 /* BookListViewController.xib */,
				F1A00CD92156B5A200F11089 /* BooksCollectionView.swift */,
			);
			path = BookListCollectionViewController;
			sourceTree = "<group>";
		};
		F1DC43FD215604D100F12519 = {
			isa = PBXGroup;
			children = (
				F1DC44482156844600F12519 /* Utility */,
				F1DC44292156180900F12519 /* Resource */,
				F1DC4428215617FC00F12519 /* Client */,
				F1DC441B215606F000F12519 /* Model */,
				F1DC4408215604D100F12519 /* LittleLibrary */,
				F1DC4407215604D100F12519 /* Products */,
				F1DC442A2156182800F12519 /* Frameworks */,
			);
			indentWidth = 2;
			sourceTree = "<group>";
			tabWidth = 2;
		};
		F1DC4407215604D100F12519 /* Products */ = {
			isa = PBXGroup;
			children = (
				F1DC4406215604D100F12519 /* LittleLibrary.app */,
			);
			name = Products;
			sourceTree = "<group>";
		};
		F1DC4408215604D100F12519 /* LittleLibrary */ = {
			isa = PBXGroup;
			children = (
				F158AE5821575844005C3CE8 /* BookSearchController */,
				F1A00CCB21569AA700F11089 /* BooksCollectionController */,
				F1DC441E2156085100F12519 /* MainViewController */,
				F1DC4409215604D100F12519 /* AppDelegate.swift */,
				F1DC440B215604D100F12519 /* ViewController.swift */,
				F1DC4410215604D300F12519 /* Assets.xcassets */,
				F1DC4412215604D300F12519 /* LaunchScreen.storyboard */,
				F1DC4415215604D300F12519 /* Info.plist */,
			);
			path = LittleLibrary;
			sourceTree = "<group>";
		};
		F1DC441B215606F000F12519 /* Model */ = {
			isa = PBXGroup;
			children = (
				F1DC441C2156070300F12519 /* User.swift */,
				F1DC4431215677D900F12519 /* Book.swift */,
				F1A00CDB2156BB4C00F11089 /* UIView.swift */,
				F158AE5121570367005C3CE8 /* Library.swift */,
			);
			path = Model;
			sourceTree = "<group>";
		};
		F1DC441E2156085100F12519 /* MainViewController */ = {
			isa = PBXGroup;
			children = (
				F158AE4E2156FBD1005C3CE8 /* MapAnnotation */,
				F1DC44212156087E00F12519 /* MainViewController.swift */,
				F1DC44222156087E00F12519 /* MainViewController.xib */,
				F1A00CC6215689C200F11089 /* SearchNavigationBar.swift */,
				F1D716D621576B47007B8119 /* BottomBar.swift */,
			);
			path = MainViewController;
			sourceTree = "<group>";
		};
		F1DC4428215617FC00F12519 /* Client */ = {
			isa = PBXGroup;
			children = (
				F1DC442C2156184E00F12519 /* LLService.swift */,
				F1DC443321567D2700F12519 /* LLService+Test.swift */,
				F158AE5321570604005C3CE8 /* LLService+Library.swift */,
			);
			path = Client;
			sourceTree = "<group>";
		};
		F1DC44292156180900F12519 /* Resource */ = {
			isa = PBXGroup;
			children = (
				F1DC44372156809B00F12519 /* Font */,
				F1DC4426215617E800F12519 /* Alamofire.framework */,
			);
			path = Resource;
			sourceTree = "<group>";
		};
		F1DC442A2156182800F12519 /* Frameworks */ = {
			isa = PBXGroup;
			children = (
				F1A00CC82156968800F11089 /* MapKit.framework */,
			);
			name = Frameworks;
			sourceTree = "<group>";
		};
		F1DC44372156809B00F12519 /* Font */ = {
			isa = PBXGroup;
			children = (
				F1DC4441215680A400F12519 /* Aileron-Black.ttf */,
				F1DC443F215680A300F12519 /* Aileron-BlackItalic.ttf */,
				F1DC443A215680A300F12519 /* Aileron-Bold.ttf */,
				F1DC4447215680A400F12519 /* Aileron-BoldItalic.ttf */,
				F1DC4442215680A400F12519 /* Aileron-Heavy.ttf */,
				F1DC4439215680A300F12519 /* Aileron-HeavyItalic.ttf */,
				F1DC443E215680A300F12519 /* Aileron-Italic.ttf */,
				F1DC4440215680A400F12519 /* Aileron-Light.ttf */,
				F1DC443D215680A300F12519 /* Aileron-LightItalic.ttf */,
				F1DC4443215680A400F12519 /* Aileron-Regular.ttf */,
				F1DC443C215680A300F12519 /* Aileron-SemiBold.ttf */,
				F1DC4438215680A300F12519 /* Aileron-SemiBoldItalic.ttf */,
				F1DC443B215680A300F12519 /* Aileron-Thin.ttf */,
				F1DC4444215680A400F12519 /* Aileron-ThinItalic.ttf */,
				F1DC4445215680A400F12519 /* Aileron-UltraLight.ttf */,
				F1DC4446215680A400F12519 /* Aileron-UltraLightItalic.ttf */,
			);
			path = Font;
			sourceTree = "<group>";
		};
		F1DC44482156844600F12519 /* Utility */ = {
			isa = PBXGroup;
			children = (
				F1DC44492156845800F12519 /* Font.swift */,
				F1A00CC42156895C00F11089 /* Color.swift */,
				F158AE4C2156F494005C3CE8 /* ScrollView.swift */,
			);
			path = Utility;
			sourceTree = "<group>";
		};
/* End PBXGroup section */

/* Begin PBXNativeTarget section */
		F1DC4405215604D100F12519 /* LittleLibrary */ = {
			isa = PBXNativeTarget;
			buildConfigurationList = F1DC4418215604D300F12519 /* Build configuration list for PBXNativeTarget "LittleLibrary" */;
			buildPhases = (
				F1DC4402215604D100F12519 /* Sources */,
				F1DC4403215604D100F12519 /* Frameworks */,
				F1DC4404215604D100F12519 /* Resources */,
				F1DC44302156763500F12519 /* Embed Frameworks */,
			);
			buildRules = (
			);
			dependencies = (
			);
			name = LittleLibrary;
			productName = LittleLibrary;
			productReference = F1DC4406215604D100F12519 /* LittleLibrary.app */;
			productType = "com.apple.product-type.application";
		};
/* End PBXNativeTarget section */

/* Begin PBXProject section */
		F1DC43FE215604D100F12519 /* Project object */ = {
			isa = PBXProject;
			attributes = {
				LastSwiftUpdateCheck = 1000;
				LastUpgradeCheck = 1000;
				ORGANIZATIONNAME = "Hongming Zuo";
				TargetAttributes = {
					F1DC4405215604D100F12519 = {
						CreatedOnToolsVersion = 10.0;
						SystemCapabilities = {
							com.apple.Maps.iOS = {
								enabled = 1;
							};
						};
					};
				};
			};
			buildConfigurationList = F1DC4401215604D100F12519 /* Build configuration list for PBXProject "LittleLibrary" */;
			compatibilityVersion = "Xcode 9.3";
			developmentRegion = en;
			hasScannedForEncodings = 0;
			knownRegions = (
				en,
				Base,
			);
			mainGroup = F1DC43FD215604D100F12519;
			productRefGroup = F1DC4407215604D100F12519 /* Products */;
			projectDirPath = "";
			projectRoot = "";
			targets = (
				F1DC4405215604D100F12519 /* LittleLibrary */,
			);
		};
/* End PBXProject section */

/* Begin PBXResourcesBuildPhase section */
		F1DC4404215604D100F12519 /* Resources */ = {
			isa = PBXResourcesBuildPhase;
			buildActionMask = 2147483647;
			files = (
				F1A00CEB2156C6C900F11089 /* Aileron-Thin.ttf in Resources */,
				F1A00CED2156C6C900F11089 /* Aileron-UltraLight.ttf in Resources */,
				F1DC4414215604D300F12519 /* LaunchScreen.storyboard in Resources */,
				F1A00CE42156C6C900F11089 /* Aileron-HeavyItalic.ttf in Resources */,
				F1A00CD42156B48600F11089 /* BookListViewController.xib in Resources */,
				F1A00CE82156C6C900F11089 /* Aileron-Regular.ttf in Resources */,
				F1A00CE72156C6C900F11089 /* Aileron-LightItalic.ttf in Resources */,
				F1A00CE92156C6C900F11089 /* Aileron-SemiBold.ttf in Resources */,
				F1A00CE02156C6C900F11089 /* Aileron-BlackItalic.ttf in Resources */,
				F1A00CE62156C6C900F11089 /* Aileron-Light.ttf in Resources */,
				F1A00CE12156C6C900F11089 /* Aileron-Bold.ttf in Resources */,
				F1A00CEA2156C6C900F11089 /* Aileron-SemiBoldItalic.ttf in Resources */,
				F1A00CE32156C6C900F11089 /* Aileron-Heavy.ttf in Resources */,
				F1A00CE52156C6C900F11089 /* Aileron-Italic.ttf in Resources */,
				F1A00CEC2156C6C900F11089 /* Aileron-ThinItalic.ttf in Resources */,
				F1DC4411215604D300F12519 /* Assets.xcassets in Resources */,
				F1DC44242156087E00F12519 /* MainViewController.xib in Resources */,
				F1A00CE22156C6C900F11089 /* Aileron-BoldItalic.ttf in Resources */,
				F1A00CDF2156C6C900F11089 /* Aileron-Black.ttf in Resources */,
				F1A00CEE2156C6C900F11089 /* Aileron-UltraLightItalic.ttf in Resources */,
			);
			runOnlyForDeploymentPostprocessing = 0;
		};
/* End PBXResourcesBuildPhase section */

/* Begin PBXSourcesBuildPhase section */
		F1DC4402215604D100F12519 /* Sources */ = {
			isa = PBXSourcesBuildPhase;
			buildActionMask = 2147483647;
			files = (
				F1DC440C215604D100F12519 /* ViewController.swift in Sources */,
				F158AE4D2156F494005C3CE8 /* ScrollView.swift in Sources */,
				F158AE5421570604005C3CE8 /* LLService+Library.swift in Sources */,
				F158AE502156FBF8005C3CE8 /* LibraryAnnotaion.swift in Sources */,
				F158AE5621571BD4005C3CE8 /* BookTableView.swift in Sources */,
				F1A00CDA2156B5A200F11089 /* BooksCollectionView.swift in Sources */,
				F1DC443421567D2700F12519 /* LLService+Test.swift in Sources */,
				F1DC442D2156184E00F12519 /* LLService.swift in Sources */,
				F1A00CC7215689C200F11089 /* SearchNavigationBar.swift in Sources */,
				F1A00CD32156B48600F11089 /* BookListViewController.swift in Sources */,
				F1DC4432215677D900F12519 /* Book.swift in Sources */,
				F1DC444A2156845800F12519 /* Font.swift in Sources */,
				F1DC440A215604D100F12519 /* AppDelegate.swift in Sources */,
				F1A00CDC2156BB4C00F11089 /* UIView.swift in Sources */,
				F1DC441D2156070300F12519 /* User.swift in Sources */,
				F158AE5221570367005C3CE8 /* Library.swift in Sources */,
				F1D716D721576B47007B8119 /* BottomBar.swift in Sources */,
				F1DC44232156087E00F12519 /* MainViewController.swift in Sources */,
				F158AE5A2157585A005C3CE8 /* BookSearchResultController.swift in Sources */,
				F1A00CC52156895C00F11089 /* Color.swift in Sources */,
			);
			runOnlyForDeploymentPostprocessing = 0;
		};
/* End PBXSourcesBuildPhase section */

/* Begin PBXVariantGroup section */
		F1DC4412215604D300F12519 /* LaunchScreen.storyboard */ = {
			isa = PBXVariantGroup;
			children = (
				F1DC4413215604D300F12519 /* Base */,
			);
			name = LaunchScreen.storyboard;
			sourceTree = "<group>";
		};
/* End PBXVariantGroup section */

/* Begin XCBuildConfiguration section */
		F1DC4416215604D300F12519 /* Debug */ = {
			isa = XCBuildConfiguration;
			buildSettings = {
				ALWAYS_SEARCH_USER_PATHS = NO;
				CLANG_ANALYZER_NONNULL = YES;
				CLANG_ANALYZER_NUMBER_OBJECT_CONVERSION = YES_AGGRESSIVE;
				CLANG_CXX_LANGUAGE_STANDARD = "gnu++14";
				CLANG_CXX_LIBRARY = "libc++";
				CLANG_ENABLE_MODULES = YES;
				CLANG_ENABLE_OBJC_ARC = YES;
				CLANG_ENABLE_OBJC_WEAK = YES;
				CLANG_WARN_BLOCK_CAPTURE_AUTORELEASING = YES;
				CLANG_WARN_BOOL_CONVERSION = YES;
				CLANG_WARN_COMMA = YES;
				CLANG_WARN_CONSTANT_CONVERSION = YES;
				CLANG_WARN_DEPRECATED_OBJC_IMPLEMENTATIONS = YES;
				CLANG_WARN_DIRECT_OBJC_ISA_USAGE = YES_ERROR;
				CLANG_WARN_DOCUMENTATION_COMMENTS = YES;
				CLANG_WARN_EMPTY_BODY = YES;
				CLANG_WARN_ENUM_CONVERSION = YES;
				CLANG_WARN_INFINITE_RECURSION = YES;
				CLANG_WARN_INT_CONVERSION = YES;
				CLANG_WARN_NON_LITERAL_NULL_CONVERSION = YES;
				CLANG_WARN_OBJC_IMPLICIT_RETAIN_SELF = YES;
				CLANG_WARN_OBJC_LITERAL_CONVERSION = YES;
				CLANG_WARN_OBJC_ROOT_CLASS = YES_ERROR;
				CLANG_WARN_RANGE_LOOP_ANALYSIS = YES;
				CLANG_WARN_STRICT_PROTOTYPES = YES;
				CLANG_WARN_SUSPICIOUS_MOVE = YES;
				CLANG_WARN_UNGUARDED_AVAILABILITY = YES_AGGRESSIVE;
				CLANG_WARN_UNREACHABLE_CODE = YES;
				CLANG_WARN__DUPLICATE_METHOD_MATCH = YES;
				CODE_SIGN_IDENTITY = "iPhone Developer";
				COPY_PHASE_STRIP = NO;
				DEBUG_INFORMATION_FORMAT = dwarf;
				ENABLE_STRICT_OBJC_MSGSEND = YES;
				ENABLE_TESTABILITY = YES;
				GCC_C_LANGUAGE_STANDARD = gnu11;
				GCC_DYNAMIC_NO_PIC = NO;
				GCC_NO_COMMON_BLOCKS = YES;
				GCC_OPTIMIZATION_LEVEL = 0;
				GCC_PREPROCESSOR_DEFINITIONS = (
					"DEBUG=1",
					"$(inherited)",
				);
				GCC_WARN_64_TO_32_BIT_CONVERSION = YES;
				GCC_WARN_ABOUT_RETURN_TYPE = YES_ERROR;
				GCC_WARN_UNDECLARED_SELECTOR = YES;
				GCC_WARN_UNINITIALIZED_AUTOS = YES_AGGRESSIVE;
				GCC_WARN_UNUSED_FUNCTION = YES;
				GCC_WARN_UNUSED_VARIABLE = YES;
				IPHONEOS_DEPLOYMENT_TARGET = 12.0;
				MTL_ENABLE_DEBUG_INFO = INCLUDE_SOURCE;
				MTL_FAST_MATH = YES;
				ONLY_ACTIVE_ARCH = YES;
				SDKROOT = iphoneos;
				SWIFT_ACTIVE_COMPILATION_CONDITIONS = DEBUG;
				SWIFT_OPTIMIZATION_LEVEL = "-Onone";
			};
			name = Debug;
		};
		F1DC4417215604D300F12519 /* Release */ = {
			isa = XCBuildConfiguration;
			buildSettings = {
				ALWAYS_SEARCH_USER_PATHS = NO;
				CLANG_ANALYZER_NONNULL = YES;
				CLANG_ANALYZER_NUMBER_OBJECT_CONVERSION = YES_AGGRESSIVE;
				CLANG_CXX_LANGUAGE_STANDARD = "gnu++14";
				CLANG_CXX_LIBRARY = "libc++";
				CLANG_ENABLE_MODULES = YES;
				CLANG_ENABLE_OBJC_ARC = YES;
				CLANG_ENABLE_OBJC_WEAK = YES;
				CLANG_WARN_BLOCK_CAPTURE_AUTORELEASING = YES;
				CLANG_WARN_BOOL_CONVERSION = YES;
				CLANG_WARN_COMMA = YES;
				CLANG_WARN_CONSTANT_CONVERSION = YES;
				CLANG_WARN_DEPRECATED_OBJC_IMPLEMENTATIONS = YES;
				CLANG_WARN_DIRECT_OBJC_ISA_USAGE = YES_ERROR;
				CLANG_WARN_DOCUMENTATION_COMMENTS = YES;
				CLANG_WARN_EMPTY_BODY = YES;
				CLANG_WARN_ENUM_CONVERSION = YES;
				CLANG_WARN_INFINITE_RECURSION = YES;
				CLANG_WARN_INT_CONVERSION = YES;
				CLANG_WARN_NON_LITERAL_NULL_CONVERSION = YES;
				CLANG_WARN_OBJC_IMPLICIT_RETAIN_SELF = YES;
				CLANG_WARN_OBJC_LITERAL_CONVERSION = YES;
				CLANG_WARN_OBJC_ROOT_CLASS = YES_ERROR;
				CLANG_WARN_RANGE_LOOP_ANALYSIS = YES;
				CLANG_WARN_STRICT_PROTOTYPES = YES;
				CLANG_WARN_SUSPICIOUS_MOVE = YES;
				CLANG_WARN_UNGUARDED_AVAILABILITY = YES_AGGRESSIVE;
				CLANG_WARN_UNREACHABLE_CODE = YES;
				CLANG_WARN__DUPLICATE_METHOD_MATCH = YES;
				CODE_SIGN_IDENTITY = "iPhone Developer";
				COPY_PHASE_STRIP = NO;
				DEBUG_INFORMATION_FORMAT = "dwarf-with-dsym";
				ENABLE_NS_ASSERTIONS = NO;
				ENABLE_STRICT_OBJC_MSGSEND = YES;
				GCC_C_LANGUAGE_STANDARD = gnu11;
				GCC_NO_COMMON_BLOCKS = YES;
				GCC_WARN_64_TO_32_BIT_CONVERSION = YES;
				GCC_WARN_ABOUT_RETURN_TYPE = YES_ERROR;
				GCC_WARN_UNDECLARED_SELECTOR = YES;
				GCC_WARN_UNINITIALIZED_AUTOS = YES_AGGRESSIVE;
				GCC_WARN_UNUSED_FUNCTION = YES;
				GCC_WARN_UNUSED_VARIABLE = YES;
				IPHONEOS_DEPLOYMENT_TARGET = 12.0;
				MTL_ENABLE_DEBUG_INFO = NO;
				MTL_FAST_MATH = YES;
				SDKROOT = iphoneos;
				SWIFT_COMPILATION_MODE = wholemodule;
				SWIFT_OPTIMIZATION_LEVEL = "-O";
				VALIDATE_PRODUCT = YES;
			};
			name = Release;
		};
		F1DC4419215604D300F12519 /* Debug */ = {
			isa = XCBuildConfiguration;
			buildSettings = {
				ASSETCATALOG_COMPILER_APPICON_NAME = AppIcon;
				CODE_SIGN_STYLE = Automatic;
				DEVELOPMENT_TEAM = 8GQ989BHEA;
				FRAMEWORK_SEARCH_PATHS = (
					"$(inherited)",
					"$(PROJECT_DIR)",
					"$(PROJECT_DIR)/Resource",
				);
				INFOPLIST_FILE = LittleLibrary/Info.plist;
				LD_RUNPATH_SEARCH_PATHS = (
					"$(inherited)",
					"@executable_path/Frameworks",
				);
				PRODUCT_BUNDLE_IDENTIFIER = com.hz.LittleLibrary;
				PRODUCT_NAME = "$(TARGET_NAME)";
				SWIFT_VERSION = 4.2;
				TARGETED_DEVICE_FAMILY = "1,2";
			};
			name = Debug;
		};
		F1DC441A215604D300F12519 /* Release */ = {
			isa = XCBuildConfiguration;
			buildSettings = {
				ASSETCATALOG_COMPILER_APPICON_NAME = AppIcon;
				CODE_SIGN_STYLE = Automatic;
				DEVELOPMENT_TEAM = 8GQ989BHEA;
				FRAMEWORK_SEARCH_PATHS = (
					"$(inherited)",
					"$(PROJECT_DIR)",
					"$(PROJECT_DIR)/Resource",
				);
				INFOPLIST_FILE = LittleLibrary/Info.plist;
				LD_RUNPATH_SEARCH_PATHS = (
					"$(inherited)",
					"@executable_path/Frameworks",
				);
				PRODUCT_BUNDLE_IDENTIFIER = com.hz.LittleLibrary;
				PRODUCT_NAME = "$(TARGET_NAME)";
				SWIFT_VERSION = 4.2;
				TARGETED_DEVICE_FAMILY = "1,2";
			};
			name = Release;
		};
/* End XCBuildConfiguration section */

/* Begin XCConfigurationList section */
		F1DC4401215604D100F12519 /* Build configuration list for PBXProject "LittleLibrary" */ = {
			isa = XCConfigurationList;
			buildConfigurations = (
				F1DC4416215604D300F12519 /* Debug */,
				F1DC4417215604D300F12519 /* Release */,
			);
			defaultConfigurationIsVisible = 0;
			defaultConfigurationName = Release;
		};
		F1DC4418215604D300F12519 /* Build configuration list for PBXNativeTarget "LittleLibrary" */ = {
			isa = XCConfigurationList;
			buildConfigurations = (
				F1DC4419215604D300F12519 /* Debug */,
				F1DC441A215604D300F12519 /* Release */,
			);
			defaultConfigurationIsVisible = 0;
			defaultConfigurationName = Release;
		};
/* End XCConfigurationList section */
	};
	rootObject = F1DC43FE215604D100F12519 /* Project object */;
}
